
Microsoft Visual Studio Solution File, Format Version 12.00
# Visual Studio 15
VisualStudioVersion = 15.0.26430.14
MinimumVisualStudioVersion = 10.0.40219.1
Project("{2150E333-8FDC-42A3-9474-1A3956D46DE8}") = "1 - Apresentacao", "1 - Apresentacao", "{65B1B43E-CB86-4802-AE69-BC4BA2FF2FE5}"
EndProject
Project("{2150E333-8FDC-42A3-9474-1A3956D46DE8}") = "2 - Dominio", "2 - Dominio", "{87274613-B98F-46F6-BEBE-35B914FAC33B}"
EndProject
Project("{2150E333-8FDC-42A3-9474-1A3956D46DE8}") = "3 - Infra", "3 - Infra", "{17DA57F7-AA8F-44C0-BEDC-FB6BF561F943}"
EndProject
Project("{2150E333-8FDC-42A3-9474-1A3956D46DE8}") = "4 - Teste", "4 - Teste", "{BCF04B29-2424-40F9-84E1-A4C6E1FDFBAE}"
EndProject
Project("{FAE04EC0-301F-11D3-BF4B-00C04F79EFBC}") = "CustomGeneratedProject.Dominio", "CustomGeneratedProject.Dominio\CustomGeneratedProject.Dominio.csproj", "{EF4DBDF1-AC7D-4CA0-A284-052ED8043067}"
EndProject
Project("{FAE04EC0-301F-11D3-BF4B-00C04F79EFBC}") = "CustomGeneratedProject.Dados", "CustomGeneratedProject.Dados\CustomGeneratedProject.Dados.csproj", "{717C2683-187E-42AB-9EDE-B71C9D856877}"
EndProject
Project("{FAE04EC0-301F-11D3-BF4B-00C04F79EFBC}") = "CustomGeneratedProject.Dependencias", "CustomGeneratedProject.Dependencias\CustomGeneratedProject.Dependencias.csproj", "{91C20B8F-5FBF-4A5F-9EB8-BE3A6CFDA3CC}"
EndProject
Project("{FAE04EC0-301F-11D3-BF4B-00C04F79EFBC}") = "CustomGeneratedProject.Testes.Unitarios", "CustomGeneratedProject.Testes.Unitarios\CustomGeneratedProject.Testes.Unitarios.csproj", "{725219E9-824F-46AF-8A8B-F06BB4E8FA08}"
EndProject
Project("{FAE04EC0-301F-11D3-BF4B-00C04F79EFBC}") = "CustomGeneratedProject.Testes.Integracao", "CustomGeneratedProject.Testes.Integracao\CustomGeneratedProject.Testes.Integracao.csproj", "{074CD51F-7DBF-4FC7-8DDF-1087415E313A}"
EndProject
Global
	GlobalSection(SolutionConfigurationPlatforms) = preSolution
		Debug|Any CPU = Debug|Any CPU
		Release|Any CPU = Release|Any CPU
	EndGlobalSection
	GlobalSection(ProjectConfigurationPlatforms) = postSolution
		{EF4DBDF1-AC7D-4CA0-A284-052ED8043067}.Debug|Any CPU.ActiveCfg = Debug|Any CPU
		{EF4DBDF1-AC7D-4CA0-A284-052ED8043067}.Debug|Any CPU.Build.0 = Debug|Any CPU
		{EF4DBDF1-AC7D-4CA0-A284-052ED8043067}.Release|Any CPU.ActiveCfg = Release|Any CPU
		{EF4DBDF1-AC7D-4CA0-A284-052ED8043067}.Release|Any CPU.Build.0 = Release|Any CPU
		{717C2683-187E-42AB-9EDE-B71C9D856877}.Debug|Any CPU.ActiveCfg = Debug|Any CPU
		{717C2683-187E-42AB-9EDE-B71C9D856877}.Debug|Any CPU.Build.0 = Debug|Any CPU
		{717C2683-187E-42AB-9EDE-B71C9D856877}.Release|Any CPU.ActiveCfg = Release|Any CPU
		{717C2683-187E-42AB-9EDE-B71C9D856877}.Release|Any CPU.Build.0 = Release|Any CPU
		{91C20B8F-5FBF-4A5F-9EB8-BE3A6CFDA3CC}.Debug|Any CPU.ActiveCfg = Debug|Any CPU
		{91C20B8F-5FBF-4A5F-9EB8-BE3A6CFDA3CC}.Debug|Any CPU.Build.0 = Debug|Any CPU
		{91C20B8F-5FBF-4A5F-9EB8-BE3A6CFDA3CC}.Release|Any CPU.ActiveCfg = Release|Any CPU
		{91C20B8F-5FBF-4A5F-9EB8-BE3A6CFDA3CC}.Release|Any CPU.Build.0 = Release|Any CPU
		{725219E9-824F-46AF-8A8B-F06BB4E8FA08}.Debug|Any CPU.ActiveCfg = Debug|Any CPU
		{725219E9-824F-46AF-8A8B-F06BB4E8FA08}.Debug|Any CPU.Build.0 = Debug|Any CPU
		{725219E9-824F-46AF-8A8B-F06BB4E8FA08}.Release|Any CPU.ActiveCfg = Release|Any CPU
		{725219E9-824F-46AF-8A8B-F06BB4E8FA08}.Release|Any CPU.Build.0 = Release|Any CPU
		{074CD51F-7DBF-4FC7-8DDF-1087415E313A}.Debug|Any CPU.ActiveCfg = Debug|Any CPU
		{074CD51F-7DBF-4FC7-8DDF-1087415E313A}.Debug|Any CPU.Build.0 = Debug|Any CPU
		{074CD51F-7DBF-4FC7-8DDF-1087415E313A}.Release|Any CPU.ActiveCfg = Release|Any CPU
		{074CD51F-7DBF-4FC7-8DDF-1087415E313A}.Release|Any CPU.Build.0 = Release|Any CPU
	EndGlobalSection
	GlobalSection(SolutionProperties) = preSolution
		HideSolutionNode = FALSE
	EndGlobalSection
	GlobalSection(NestedProjects) = preSolution
		{EF4DBDF1-AC7D-4CA0-A284-052ED8043067} = {87274613-B98F-46F6-BEBE-35B914FAC33B}
		{717C2683-187E-42AB-9EDE-B71C9D856877} = {17DA57F7-AA8F-44C0-BEDC-FB6BF561F943}
		{91C20B8F-5FBF-4A5F-9EB8-BE3A6CFDA3CC} = {17DA57F7-AA8F-44C0-BEDC-FB6BF561F943}
		{725219E9-824F-46AF-8A8B-F06BB4E8FA08} = {BCF04B29-2424-40F9-84E1-A4C6E1FDFBAE}
		{074CD51F-7DBF-4FC7-8DDF-1087415E313A} = {BCF04B29-2424-40F9-84E1-A4C6E1FDFBAE}
	EndGlobalSection
EndGlobal
